NeoBundleLock ag.vim 4a0dd6e190f446e5a016b44fdaa2feafc582918e
NeoBundleLock caw.vim 8a85fa8ff26ea60afd4bf9400cfc2263be127d51
NeoBundleLock ctrlp.vim 2868678a987834563bbc384763135462c2423eb8
NeoBundleLock html5.vim 9bfa00bdb3fdca07c490b527e5e6ec6c4b017d3b
NeoBundleLock neobundle.vim 88951d60547595606ea0ca8f28f643d2506f2714
NeoBundleLock nerdtree eee431dbd44111c858c6d33ffd366cae1f17f8b3
NeoBundleLock vim-auto-save 1685175183d160879ebcf231cd4c96b1b8a5a5c9
NeoBundleLock vim-haml 1f2e47c78c2faf90ff419c2f4e1241094844678c
NeoBundleLock vim-indent-guides 018298ead9d3aa9cd3b4ae222f81022a33978b09
NeoBundleLock vim-slim df26386b46b455f0c837c3ba30d1771204f209ca
